// !$*UTF8*$!
{
	archiveVersion = 1;
	classes = {
	};
	objectVersion = 56;
	objects = {

/* Begin PBXBuildFile section */
		1B13299928FC984400EC969B /* BitirmeOdeviApp.swift in Sources */ = {isa = PBXBuildFile; fileRef = 1B13299828FC984400EC969B /* BitirmeOdeviApp.swift */; };
		1B13299B28FC984400EC969B /* ContentView.swift in Sources */ = {isa = PBXBuildFile; fileRef = 1B13299A28FC984400EC969B /* ContentView.swift */; };
		1B13299D28FC984500EC969B /* Assets.xcassets in Resources */ = {isa = PBXBuildFile; fileRef = 1B13299C28FC984500EC969B /* Assets.xcassets */; };
		1B1329A028FC984500EC969B /* Preview Assets.xcassets in Resources */ = {isa = PBXBuildFile; fileRef = 1B13299F28FC984500EC969B /* Preview Assets.xcassets */; };
		1B1329A228FC984500EC969B /* Persistence.swift in Sources */ = {isa = PBXBuildFile; fileRef = 1B1329A128FC984500EC969B /* Persistence.swift */; };
		1B1329A528FC984500EC969B /* BitirmeOdevi.xcdatamodeld in Sources */ = {isa = PBXBuildFile; fileRef = 1B1329A328FC984500EC969B /* BitirmeOdevi.xcdatamodeld */; };
		1B2E36592920E70100A03AFD /* Product.swift in Sources */ = {isa = PBXBuildFile; fileRef = 1B2E36582920E70100A03AFD /* Product.swift */; };
		1B2E365B2920FA0700A03AFD /* HomeViewModel.swift in Sources */ = {isa = PBXBuildFile; fileRef = 1B2E365A2920FA0700A03AFD /* HomeViewModel.swift */; };
		1B4602EF2922D9DD00B5FA45 /* SearchView.swift in Sources */ = {isa = PBXBuildFile; fileRef = 1B4602EE2922D9DD00B5FA45 /* SearchView.swift */; };
		1B4C04082900AB0E009609C7 /* LoginPage.swift in Sources */ = {isa = PBXBuildFile; fileRef = 1B4C04072900AB0E009609C7 /* LoginPage.swift */; };
		1B4C040A2900AB1E009609C7 /* LoginPageModel.swift in Sources */ = {isa = PBXBuildFile; fileRef = 1B4C04092900AB1E009609C7 /* LoginPageModel.swift */; };
		1B4C040C2900AFDC009609C7 /* CustomCorners.swift in Sources */ = {isa = PBXBuildFile; fileRef = 1B4C040B2900AFDC009609C7 /* CustomCorners.swift */; };
		1B59CCCA294D1B7700B2E626 /* StaggeredGrid.swift in Sources */ = {isa = PBXBuildFile; fileRef = 1B59CCC9294D1B7700B2E626 /* StaggeredGrid.swift */; };
		1B78E38C2909A03600C24E15 /* MainPage.swift in Sources */ = {isa = PBXBuildFile; fileRef = 1B78E38B2909A03600C24E15 /* MainPage.swift */; };
		1B78E38F2909B0FB00C24E15 /* Home.swift in Sources */ = {isa = PBXBuildFile; fileRef = 1B78E38E2909B0FB00C24E15 /* Home.swift */; };
		1B856F02292115C8007F4E77 /* MoreProductView.swift in Sources */ = {isa = PBXBuildFile; fileRef = 1B856F01292115C8007F4E77 /* MoreProductView.swift */; };
		1BAE6AB729000BFE00FBD576 /* OnboardingScreen.swift in Sources */ = {isa = PBXBuildFile; fileRef = 1BAE6AB629000BFE00FBD576 /* OnboardingScreen.swift */; };
/* End PBXBuildFile section */

/* Begin PBXFileReference section */
		1B13299528FC984400EC969B /* BitirmeOdevi.app */ = {isa = PBXFileReference; explicitFileType = wrapper.application; includeInIndex = 0; path = BitirmeOdevi.app; sourceTree = BUILT_PRODUCTS_DIR; };
		1B13299828FC984400EC969B /* BitirmeOdeviApp.swift */ = {isa = PBXFileReference; lastKnownFileType = sourcecode.swift; path = BitirmeOdeviApp.swift; sourceTree = "<group>"; };
		1B13299A28FC984400EC969B /* ContentView.swift */ = {isa = PBXFileReference; lastKnownFileType = sourcecode.swift; path = ContentView.swift; sourceTree = "<group>"; };
		1B13299C28FC984500EC969B /* Assets.xcassets */ = {isa = PBXFileReference; lastKnownFileType = folder.assetcatalog; path = Assets.xcassets; sourceTree = "<group>"; };
		1B13299F28FC984500EC969B /* Preview Assets.xcassets */ = {isa = PBXFileReference; lastKnownFileType = folder.assetcatalog; path = "Preview Assets.xcassets"; sourceTree = "<group>"; };
		1B1329A128FC984500EC969B /* Persistence.swift */ = {isa = PBXFileReference; lastKnownFileType = sourcecode.swift; path = Persistence.swift; sourceTree = "<group>"; };
		1B1329A428FC984500EC969B /* BitirmeOdevi.xcdatamodel */ = {isa = PBXFileReference; lastKnownFileType = wrapper.xcdatamodel; path = BitirmeOdevi.xcdatamodel; sourceTree = "<group>"; };
		1B2E36582920E70100A03AFD /* Product.swift */ = {isa = PBXFileReference; lastKnownFileType = sourcecode.swift; path = Product.swift; sourceTree = "<group>"; };
		1B2E365A2920FA0700A03AFD /* HomeViewModel.swift */ = {isa = PBXFileReference; lastKnownFileType = sourcecode.swift; path = HomeViewModel.swift; sourceTree = "<group>"; };
		1B4602EE2922D9DD00B5FA45 /* SearchView.swift */ = {isa = PBXFileReference; lastKnownFileType = sourcecode.swift; path = SearchView.swift; sourceTree = "<group>"; };
		1B4C04072900AB0E009609C7 /* LoginPage.swift */ = {isa = PBXFileReference; lastKnownFileType = sourcecode.swift; path = LoginPage.swift; sourceTree = "<group>"; };
		1B4C04092900AB1E009609C7 /* LoginPageModel.swift */ = {isa = PBXFileReference; lastKnownFileType = sourcecode.swift; path = LoginPageModel.swift; sourceTree = "<group>"; };
		1B4C040B2900AFDC009609C7 /* CustomCorners.swift */ = {isa = PBXFileReference; lastKnownFileType = sourcecode.swift; path = CustomCorners.swift; sourceTree = "<group>"; };
		1B59CCC9294D1B7700B2E626 /* StaggeredGrid.swift */ = {isa = PBXFileReference; lastKnownFileType = sourcecode.swift; path = StaggeredGrid.swift; sourceTree = "<group>"; };
		1B78E38B2909A03600C24E15 /* MainPage.swift */ = {isa = PBXFileReference; lastKnownFileType = sourcecode.swift; path = MainPage.swift; sourceTree = "<group>"; };
		1B78E38E2909B0FB00C24E15 /* Home.swift */ = {isa = PBXFileReference; lastKnownFileType = sourcecode.swift; path = Home.swift; sourceTree = "<group>"; };
		1B856F01292115C8007F4E77 /* MoreProductView.swift */ = {isa = PBXFileReference; lastKnownFileType = sourcecode.swift; path = MoreProductView.swift; sourceTree = "<group>"; };
		1BAE6AB629000BFE00FBD576 /* OnboardingScreen.swift */ = {isa = PBXFileReference; lastKnownFileType = sourcecode.swift; path = OnboardingScreen.swift; sourceTree = "<group>"; };
/* End PBXFileReference section */

/* Begin PBXFrameworksBuildPhase section */
		1B13299228FC984400EC969B /* Frameworks */ = {
			isa = PBXFrameworksBuildPhase;
			buildActionMask = 2147483647;
			files = (
			);
			runOnlyForDeploymentPostprocessing = 0;
		};
/* End PBXFrameworksBuildPhase section */

/* Begin PBXGroup section */
		1B13298C28FC984400EC969B = {
			isa = PBXGroup;
			children = (
				1B13299728FC984400EC969B /* BitirmeOdevi */,
				1B13299628FC984400EC969B /* Products */,
			);
			sourceTree = "<group>";
		};
		1B13299628FC984400EC969B /* Products */ = {
			isa = PBXGroup;
			children = (
				1B13299528FC984400EC969B /* BitirmeOdevi.app */,
			);
			name = Products;
			sourceTree = "<group>";
		};
		1B13299728FC984400EC969B /* BitirmeOdevi */ = {
			isa = PBXGroup;
			children = (
				1B78E390290AB2FE00C24E15 /* Model */,
				1B4C04062900AAFF009609C7 /* ViewModel */,
				1BAE6AB529000BDC00FBD576 /* View */,
				1B13299828FC984400EC969B /* BitirmeOdeviApp.swift */,
				1B13299A28FC984400EC969B /* ContentView.swift */,
				1B13299C28FC984500EC969B /* Assets.xcassets */,
				1B1329A128FC984500EC969B /* Persistence.swift */,
				1B1329A328FC984500EC969B /* BitirmeOdevi.xcdatamodeld */,
				1B13299E28FC984500EC969B /* Preview Content */,
			);
			path = BitirmeOdevi;
			sourceTree = "<group>";
		};
		1B13299E28FC984500EC969B /* Preview Content */ = {
			isa = PBXGroup;
			children = (
				1B13299F28FC984500EC969B /* Preview Assets.xcassets */,
			);
			path = "Preview Content";
			sourceTree = "<group>";
		};
		1B4C04062900AAFF009609C7 /* ViewModel */ = {
			isa = PBXGroup;
			children = (
				1B4C04092900AB1E009609C7 /* LoginPageModel.swift */,
				1B2E365A2920FA0700A03AFD /* HomeViewModel.swift */,
			);
			path = ViewModel;
			sourceTree = "<group>";
		};
		1B78E38D2909B0E900C24E15 /* TabViews */ = {
			isa = PBXGroup;
			children = (
				1B78E38E2909B0FB00C24E15 /* Home.swift */,
			);
			path = TabViews;
			sourceTree = "<group>";
		};
		1B78E390290AB2FE00C24E15 /* Model */ = {
			isa = PBXGroup;
			children = (
				1B2E36582920E70100A03AFD /* Product.swift */,
			);
			path = Model;
			sourceTree = "<group>";
		};
		1BAE6AB529000BDC00FBD576 /* View */ = {
			isa = PBXGroup;
			children = (
				1B78E38D2909B0E900C24E15 /* TabViews */,
				1BAE6AB629000BFE00FBD576 /* OnboardingScreen.swift */,
				1B4C04072900AB0E009609C7 /* LoginPage.swift */,
				1B4C040B2900AFDC009609C7 /* CustomCorners.swift */,
				1B78E38B2909A03600C24E15 /* MainPage.swift */,
				1B856F01292115C8007F4E77 /* MoreProductView.swift */,
				1B4602EE2922D9DD00B5FA45 /* SearchView.swift */,
				1B59CCC9294D1B7700B2E626 /* StaggeredGrid.swift */,
			);
			path = View;
			sourceTree = "<group>";
		};
/* End PBXGroup section */

/* Begin PBXNativeTarget section */
		1B13299428FC984400EC969B /* BitirmeOdevi */ = {
			isa = PBXNativeTarget;
			buildConfigurationList = 1B1329A828FC984500EC969B /* Build configuration list for PBXNativeTarget "BitirmeOdevi" */;
			buildPhases = (
				1B13299128FC984400EC969B /* Sources */,
				1B13299228FC984400EC969B /* Frameworks */,
				1B13299328FC984400EC969B /* Resources */,
			);
			buildRules = (
			);
			dependencies = (
			);
			name = BitirmeOdevi;
			productName = BitirmeOdevi;
			productReference = 1B13299528FC984400EC969B /* BitirmeOdevi.app */;
			productType = "com.apple.product-type.application";
		};
/* End PBXNativeTarget section */

/* Begin PBXProject section */
		1B13298D28FC984400EC969B /* Project object */ = {
			isa = PBXProject;
			attributes = {
				BuildIndependentTargetsInParallel = 1;
				LastSwiftUpdateCheck = 1400;
				LastUpgradeCheck = 1400;
				TargetAttributes = {
					1B13299428FC984400EC969B = {
						CreatedOnToolsVersion = 14.0.1;
					};
				};
			};
			buildConfigurationList = 1B13299028FC984400EC969B /* Build configuration list for PBXProject "BitirmeOdevi" */;
			compatibilityVersion = "Xcode 14.0";
			developmentRegion = en;
			hasScannedForEncodings = 0;
			knownRegions = (
				en,
				Base,
			);
			mainGroup = 1B13298C28FC984400EC969B;
			productRefGroup = 1B13299628FC984400EC969B /* Products */;
			projectDirPath = "";
			projectRoot = "";
			targets = (
				1B13299428FC984400EC969B /* BitirmeOdevi */,
			);
		};
/* End PBXProject section */

/* Begin PBXResourcesBuildPhase section */
		1B13299328FC984400EC969B /* Resources */ = {
			isa = PBXResourcesBuildPhase;
			buildActionMask = 2147483647;
			files = (
				1B1329A028FC984500EC969B /* Preview Assets.xcassets in Resources */,
				1B13299D28FC984500EC969B /* Assets.xcassets in Resources */,
			);
			runOnlyForDeploymentPostprocessing = 0;
		};
/* End PBXResourcesBuildPhase section */

/* Begin PBXSourcesBuildPhase section */
		1B13299128FC984400EC969B /* Sources */ = {
			isa = PBXSourcesBuildPhase;
			buildActionMask = 2147483647;
			files = (
				1BAE6AB729000BFE00FBD576 /* OnboardingScreen.swift in Sources */,
				1B59CCCA294D1B7700B2E626 /* StaggeredGrid.swift in Sources */,
				1B1329A528FC984500EC969B /* BitirmeOdevi.xcdatamodeld in Sources */,
				1B78E38F2909B0FB00C24E15 /* Home.swift in Sources */,
				1B78E38C2909A03600C24E15 /* MainPage.swift in Sources */,
				1B4C040A2900AB1E009609C7 /* LoginPageModel.swift in Sources */,
				1B2E36592920E70100A03AFD /* Product.swift in Sources */,
				1B1329A228FC984500EC969B /* Persistence.swift in Sources */,
				1B856F02292115C8007F4E77 /* MoreProductView.swift in Sources */,
				1B2E365B2920FA0700A03AFD /* HomeViewModel.swift in Sources */,
				1B13299B28FC984400EC969B /* ContentView.swift in Sources */,
				1B4602EF2922D9DD00B5FA45 /* SearchView.swift in Sources */,
				1B4C040C2900AFDC009609C7 /* CustomCorners.swift in Sources */,
				1B4C04082900AB0E009609C7 /* LoginPage.swift in Sources */,
				1B13299928FC984400EC969B /* BitirmeOdeviApp.swift in Sources */,
			);
			runOnlyForDeploymentPostprocessing = 0;
		};
/* End PBXSourcesBuildPhase section */

/* Begin XCBuildConfiguration section */
		1B1329A628FC984500EC969B /* Debug */ = {
			isa = XCBuildConfiguration;
			buildSettings = {
				ALWAYS_SEARCH_USER_PATHS = NO;
				CLANG_ANALYZER_NONNULL = YES;
				CLANG_ANALYZER_NUMBER_OBJECT_CONVERSION = YES_AGGRESSIVE;
				CLANG_CXX_LANGUAGE_STANDARD = "gnu++20";
				CLANG_ENABLE_MODULES = YES;
				CLANG_ENABLE_OBJC_ARC = YES;
				CLANG_ENABLE_OBJC_WEAK = YES;
				CLANG_WARN_BLOCK_CAPTURE_AUTORELEASING = YES;
				CLANG_WARN_BOOL_CONVERSION = YES;
				CLANG_WARN_COMMA = YES;
				CLANG_WARN_CONSTANT_CONVERSION = YES;
				CLANG_WARN_DEPRECATED_OBJC_IMPLEMENTATIONS = YES;
				CLANG_WARN_DIRECT_OBJC_ISA_USAGE = YES_ERROR;
				CLANG_WARN_DOCUMENTATION_COMMENTS = YES;
				CLANG_WARN_EMPTY_BODY = YES;
				CLANG_WARN_ENUM_CONVERSION = YES;
				CLANG_WARN_INFINITE_RECURSION = YES;
				CLANG_WARN_INT_CONVERSION = YES;
				CLANG_WARN_NON_LITERAL_NULL_CONVERSION = YES;
				CLANG_WARN_OBJC_IMPLICIT_RETAIN_SELF = YES;
				CLANG_WARN_OBJC_LITERAL_CONVERSION = YES;
				CLANG_WARN_OBJC_ROOT_CLASS = YES_ERROR;
				CLANG_WARN_QUOTED_INCLUDE_IN_FRAMEWORK_HEADER = YES;
				CLANG_WARN_RANGE_LOOP_ANALYSIS = YES;
				CLANG_WARN_STRICT_PROTOTYPES = YES;
				CLANG_WARN_SUSPICIOUS_MOVE = YES;
				CLANG_WARN_UNGUARDED_AVAILABILITY = YES_AGGRESSIVE;
				CLANG_WARN_UNREACHABLE_CODE = YES;
				CLANG_WARN__DUPLICATE_METHOD_MATCH = YES;
				COPY_PHASE_STRIP = NO;
				DEBUG_INFORMATION_FORMAT = dwarf;
				ENABLE_STRICT_OBJC_MSGSEND = YES;
				ENABLE_TESTABILITY = YES;
				GCC_C_LANGUAGE_STANDARD = gnu11;
				GCC_DYNAMIC_NO_PIC = NO;
				GCC_NO_COMMON_BLOCKS = YES;
				GCC_OPTIMIZATION_LEVEL = 0;
				GCC_PREPROCESSOR_DEFINITIONS = (
					"DEBUG=1",
					"$(inherited)",
				);
				GCC_WARN_64_TO_32_BIT_CONVERSION = YES;
				GCC_WARN_ABOUT_RETURN_TYPE = YES_ERROR;
				GCC_WARN_UNDECLARED_SELECTOR = YES;
				GCC_WARN_UNINITIALIZED_AUTOS = YES_AGGRESSIVE;
				GCC_WARN_UNUSED_FUNCTION = YES;
				GCC_WARN_UNUSED_VARIABLE = YES;
				IPHONEOS_DEPLOYMENT_TARGET = 16.0;
				MTL_ENABLE_DEBUG_INFO = INCLUDE_SOURCE;
				MTL_FAST_MATH = YES;
				ONLY_ACTIVE_ARCH = YES;
				SDKROOT = iphoneos;
				SWIFT_ACTIVE_COMPILATION_CONDITIONS = DEBUG;
				SWIFT_OPTIMIZATION_LEVEL = "-Onone";
			};
			name = Debug;
		};
		1B1329A728FC984500EC969B /* Release */ = {
			isa = XCBuildConfiguration;
			buildSettings = {
				ALWAYS_SEARCH_USER_PATHS = NO;
				CLANG_ANALYZER_NONNULL = YES;
				CLANG_ANALYZER_NUMBER_OBJECT_CONVERSION = YES_AGGRESSIVE;
				CLANG_CXX_LANGUAGE_STANDARD = "gnu++20";
				CLANG_ENABLE_MODULES = YES;
				CLANG_ENABLE_OBJC_ARC = YES;
				CLANG_ENABLE_OBJC_WEAK = YES;
				CLANG_WARN_BLOCK_CAPTURE_AUTORELEASING = YES;
				CLANG_WARN_BOOL_CONVERSION = YES;
				CLANG_WARN_COMMA = YES;
				CLANG_WARN_CONSTANT_CONVERSION = YES;
				CLANG_WARN_DEPRECATED_OBJC_IMPLEMENTATIONS = YES;
				CLANG_WARN_DIRECT_OBJC_ISA_USAGE = YES_ERROR;
				CLANG_WARN_DOCUMENTATION_COMMENTS = YES;
				CLANG_WARN_EMPTY_BODY = YES;
				CLANG_WARN_ENUM_CONVERSION = YES;
				CLANG_WARN_INFINITE_RECURSION = YES;
				CLANG_WARN_INT_CONVERSION = YES;
				CLANG_WARN_NON_LITERAL_NULL_CONVERSION = YES;
				CLANG_WARN_OBJC_IMPLICIT_RETAIN_SELF = YES;
				CLANG_WARN_OBJC_LITERAL_CONVERSION = YES;
				CLANG_WARN_OBJC_ROOT_CLASS = YES_ERROR;
				CLANG_WARN_QUOTED_INCLUDE_IN_FRAMEWORK_HEADER = YES;
				CLANG_WARN_RANGE_LOOP_ANALYSIS = YES;
				CLANG_WARN_STRICT_PROTOTYPES = YES;
				CLANG_WARN_SUSPICIOUS_MOVE = YES;
				CLANG_WARN_UNGUARDED_AVAILABILITY = YES_AGGRESSIVE;
				CLANG_WARN_UNREACHABLE_CODE = YES;
				CLANG_WARN__DUPLICATE_METHOD_MATCH = YES;
				COPY_PHASE_STRIP = NO;
				DEBUG_INFORMATION_FORMAT = "dwarf-with-dsym";
				ENABLE_NS_ASSERTIONS = NO;
				ENABLE_STRICT_OBJC_MSGSEND = YES;
				GCC_C_LANGUAGE_STANDARD = gnu11;
				GCC_NO_COMMON_BLOCKS = YES;
				GCC_WARN_64_TO_32_BIT_CONVERSION = YES;
				GCC_WARN_ABOUT_RETURN_TYPE = YES_ERROR;
				GCC_WARN_UNDECLARED_SELECTOR = YES;
				GCC_WARN_UNINITIALIZED_AUTOS = YES_AGGRESSIVE;
				GCC_WARN_UNUSED_FUNCTION = YES;
				GCC_WARN_UNUSED_VARIABLE = YES;
				IPHONEOS_DEPLOYMENT_TARGET = 16.0;
				MTL_ENABLE_DEBUG_INFO = NO;
				MTL_FAST_MATH = YES;
				SDKROOT = iphoneos;
				SWIFT_COMPILATION_MODE = wholemodule;
				SWIFT_OPTIMIZATION_LEVEL = "-O";
				VALIDATE_PRODUCT = YES;
			};
			name = Release;
		};
		1B1329A928FC984500EC969B /* Debug */ = {
			isa = XCBuildConfiguration;
			buildSettings = {
				ASSETCATALOG_COMPILER_APPICON_NAME = AppIcon;
				ASSETCATALOG_COMPILER_GLOBAL_ACCENT_COLOR_NAME = AccentColor;
				CODE_SIGN_STYLE = Automatic;
				CURRENT_PROJECT_VERSION = 1;
				DEVELOPMENT_ASSET_PATHS = "\"BitirmeOdevi/Preview Content\"";
				DEVELOPMENT_TEAM = HJHD973MWB;
				ENABLE_PREVIEWS = YES;
				GENERATE_INFOPLIST_FILE = YES;
				INFOPLIST_KEY_UIApplicationSceneManifest_Generation = YES;
				INFOPLIST_KEY_UIApplicationSupportsIndirectInputEvents = YES;
				INFOPLIST_KEY_UILaunchScreen_Generation = YES;
				INFOPLIST_KEY_UISupportedInterfaceOrientations_iPad = "UIInterfaceOrientationPortrait UIInterfaceOrientationPortraitUpsideDown UIInterfaceOrientationLandscapeLeft UIInterfaceOrientationLandscapeRight";
				INFOPLIST_KEY_UISupportedInterfaceOrientations_iPhone = "UIInterfaceOrientationPortrait UIInterfaceOrientationLandscapeLeft UIInterfaceOrientationLandscapeRight";
				LD_RUNPATH_SEARCH_PATHS = (
					"$(inherited)",
					"@executable_path/Frameworks",
				);
				MARKETING_VERSION = 1.0;
				PRODUCT_BUNDLE_IDENTIFIER = com.BitirmeOdevi;
				PRODUCT_NAME = "$(TARGET_NAME)";
				SWIFT_EMIT_LOC_STRINGS = YES;
				SWIFT_VERSION = 5.0;
				TARGETED_DEVICE_FAMILY = "1,2";
			};
			name = Debug;
		};
		1B1329AA28FC984500EC969B /* Release */ = {
			isa = XCBuildConfiguration;
			buildSettings = {
				ASSETCATALOG_COMPILER_APPICON_NAME = AppIcon;
				ASSETCATALOG_COMPILER_GLOBAL_ACCENT_COLOR_NAME = AccentColor;
				CODE_SIGN_STYLE = Automatic;
				CURRENT_PROJECT_VERSION = 1;
				DEVELOPMENT_ASSET_PATHS = "\"BitirmeOdevi/Preview Content\"";
				DEVELOPMENT_TEAM = HJHD973MWB;
				ENABLE_PREVIEWS = YES;
				GENERATE_INFOPLIST_FILE = YES;
				INFOPLIST_KEY_UIApplicationSceneManifest_Generation = YES;
				INFOPLIST_KEY_UIApplicationSupportsIndirectInputEvents = YES;
				INFOPLIST_KEY_UILaunchScreen_Generation = YES;
				INFOPLIST_KEY_UISupportedInterfaceOrientations_iPad = "UIInterfaceOrientationPortrait UIInterfaceOrientationPortraitUpsideDown UIInterfaceOrientationLandscapeLeft UIInterfaceOrientationLandscapeRight";
				INFOPLIST_KEY_UISupportedInterfaceOrientations_iPhone = "UIInterfaceOrientationPortrait UIInterfaceOrientationLandscapeLeft UIInterfaceOrientationLandscapeRight";
				LD_RUNPATH_SEARCH_PATHS = (
					"$(inherited)",
					"@executable_path/Frameworks",
				);
				MARKETING_VERSION = 1.0;
				PRODUCT_BUNDLE_IDENTIFIER = com.BitirmeOdevi;
				PRODUCT_NAME = "$(TARGET_NAME)";
				SWIFT_EMIT_LOC_STRINGS = YES;
				SWIFT_VERSION = 5.0;
				TARGETED_DEVICE_FAMILY = "1,2";
			};
			name = Release;
		};
/* End XCBuildConfiguration section */

/* Begin XCConfigurationList section */
		1B13299028FC984400EC969B /* Build configuration list for PBXProject "BitirmeOdevi" */ = {
			isa = XCConfigurationList;
			buildConfigurations = (
				1B1329A628FC984500EC969B /* Debug */,
				1B1329A728FC984500EC969B /* Release */,
			);
			defaultConfigurationIsVisible = 0;
			defaultConfigurationName = Release;
		};
		1B1329A828FC984500EC969B /* Build configuration list for PBXNativeTarget "BitirmeOdevi" */ = {
			isa = XCConfigurationList;
			buildConfigurations = (
				1B1329A928FC984500EC969B /* Debug */,
				1B1329AA28FC984500EC969B /* Release */,
			);
			defaultConfigurationIsVisible = 0;
			defaultConfigurationName = Release;
		};
/* End XCConfigurationList section */

/* Begin XCVersionGroup section */
		1B1329A328FC984500EC969B /* BitirmeOdevi.xcdatamodeld */ = {
			isa = XCVersionGroup;
			children = (
				1B1329A428FC984500EC969B /* BitirmeOdevi.xcdatamodel */,
			);
			currentVersion = 1B1329A428FC984500EC969B /* BitirmeOdevi.xcdatamodel */;
			path = BitirmeOdevi.xcdatamodeld;
			sourceTree = "<group>";
			versionGroupType = wrapper.xcdatamodel;
		};
/* End XCVersionGroup section */
	};
	rootObject = 1B13298D28FC984400EC969B /* Project object */;
}
